dependencies:
- name: minio
  repository: https://charts.bitnami.com/bitnami
  version: 14.10.3
- name: redis
  repository: https://charts.bitnami.com/bitnami
  version: 20.6.1
digest: sha256:3d111497a61bca9912d4a2b94fc0ae2124805b52baf0705e310b428a06598e4f
generated: "2024-12-29T15:36:34.4615+07:00"
