dependencies:
- name: minio
  repository: https://charts.bitnami.com/bitnami
  version: 14.10.3
- name: redis
  repository: https://charts.bitnami.com/bitnami
  version: 20.6.1
- name: postgresql
  repository: https://charts.bitnami.com/bitnami
  version: 16.3.4
digest: sha256:8e7873fb0b6bc923364b94eec0d454d687250aef776a4fbece49d8cea3c63288
generated: "2025-01-01T00:34:42.890309+07:00"
